// !$*UTF8*$!
{
	archiveVersion = 1;
	classes = {
	};
	objectVersion = 56;
	objects = {

/* Begin PBXBuildFile section */
		2E6A59172ACFEA0B0061CC1D /* _GQuizAppApp.swift in Sources */ = {isa = PBXBuildFile; fileRef = 2E6A59162ACFEA0B0061CC1D /* _GQuizAppApp.swift */; };
		2E6A59192ACFEA0B0061CC1D /* ContentView.swift in Sources */ = {isa = PBXBuildFile; fileRef = 2E6A59182ACFEA0B0061CC1D /* ContentView.swift */; };
		2E6A591B2ACFEA0D0061CC1D /* Assets.xcassets in Resources */ = {isa = PBXBuildFile; fileRef = 2E6A591A2ACFEA0D0061CC1D /* Assets.xcassets */; };
		2E6A591E2ACFEA0D0061CC1D /* Preview Assets.xcassets in Resources */ = {isa = PBXBuildFile; fileRef = 2E6A591D2ACFEA0D0061CC1D /* Preview Assets.xcassets */; };
		2E6A59282ACFEA0D0061CC1D /* _GQuizAppTests.swift in Sources */ = {isa = PBXBuildFile; fileRef = 2E6A59272ACFEA0D0061CC1D /* _GQuizAppTests.swift */; };
		2E6A59322ACFEA0D0061CC1D /* _GQuizAppUITests.swift in Sources */ = {isa = PBXBuildFile; fileRef = 2E6A59312ACFEA0D0061CC1D /* _GQuizAppUITests.swift */; };
		2E6A59342ACFEA0D0061CC1D /* _GQuizAppUITestsLaunchTests.swift in Sources */ = {isa = PBXBuildFile; fileRef = 2E6A59332ACFEA0D0061CC1D /* _GQuizAppUITestsLaunchTests.swift */; };
		2E6A59442ACFF5470061CC1D /* APIError.swift in Sources */ = {isa = PBXBuildFile; fileRef = 2E6A59432ACFF5470061CC1D /* APIError.swift */; };
		2E6A59462ACFF5C30061CC1D /* NetworkManager.swift in Sources */ = {isa = PBXBuildFile; fileRef = 2E6A59452ACFF5C30061CC1D /* NetworkManager.swift */; };
		2E6A59492ACFF5D40061CC1D /* APIConstants.swift in Sources */ = {isa = PBXBuildFile; fileRef = 2E6A59482ACFF5D40061CC1D /* APIConstants.swift */; };
		2E6A594C2AD00A420061CC1D /* Quiz.swift in Sources */ = {isa = PBXBuildFile; fileRef = 2E6A594B2AD00A420061CC1D /* Quiz.swift */; };
		2E6A594E2AD00A4E0061CC1D /* QuizDetailModel.swift in Sources */ = {isa = PBXBuildFile; fileRef = 2E6A594D2AD00A4E0061CC1D /* QuizDetailModel.swift */; };
		2E6A59532AD00C010061CC1D /* QuizApiRepositoryProtocol.swift in Sources */ = {isa = PBXBuildFile; fileRef = 2E6A59522AD00C010061CC1D /* QuizApiRepositoryProtocol.swift */; };
		2E6A59552AD00C1C0061CC1D /* QuizApiRepository.swift in Sources */ = {isa = PBXBuildFile; fileRef = 2E6A59542AD00C1C0061CC1D /* QuizApiRepository.swift */; };
		2E6A59572AD00EA00061CC1D /* QuizRepositoryProtocol.swift in Sources */ = {isa = PBXBuildFile; fileRef = 2E6A59562AD00E9F0061CC1D /* QuizRepositoryProtocol.swift */; };
		2E6A59592AD00EA60061CC1D /* QuizRepository.swift in Sources */ = {isa = PBXBuildFile; fileRef = 2E6A59582AD00EA60061CC1D /* QuizRepository.swift */; };
		2E6A595C2AD0101A0061CC1D /* DIProvider.swift in Sources */ = {isa = PBXBuildFile; fileRef = 2E6A595B2AD0101A0061CC1D /* DIProvider.swift */; };
		2E6A59622AD013BA0061CC1D /* WelcomeView.swift in Sources */ = {isa = PBXBuildFile; fileRef = 2E6A59612AD013BA0061CC1D /* WelcomeView.swift */; };
		2E6A59652AD014970061CC1D /* RoundedButtonReusable.swift in Sources */ = {isa = PBXBuildFile; fileRef = 2E6A59642AD014970061CC1D /* RoundedButtonReusable.swift */; };
		2E6A59692AD015210061CC1D /* View+Extension.swift in Sources */ = {isa = PBXBuildFile; fileRef = 2E6A59682AD015210061CC1D /* View+Extension.swift */; };
		2E6A596B2AD015CE0061CC1D /* Color.swift in Sources */ = {isa = PBXBuildFile; fileRef = 2E6A596A2AD015CE0061CC1D /* Color.swift */; };
		2E6A59702AD017C30061CC1D /* QuizCardView.swift in Sources */ = {isa = PBXBuildFile; fileRef = 2E6A596F2AD017C30061CC1D /* QuizCardView.swift */; };
		2E6A59722AD0182C0061CC1D /* Text+Extension.swift in Sources */ = {isa = PBXBuildFile; fileRef = 2E6A59712AD0182C0061CC1D /* Text+Extension.swift */; };
		2E6A59742AD018EF0061CC1D /* RoundedCorner.swift in Sources */ = {isa = PBXBuildFile; fileRef = 2E6A59732AD018EF0061CC1D /* RoundedCorner.swift */; };
		2E6A59772AD019BE0061CC1D /* CacheManager.swift in Sources */ = {isa = PBXBuildFile; fileRef = 2E6A59762AD019BE0061CC1D /* CacheManager.swift */; };
		2E6A597A2AD01A010061CC1D /* CustomImageHelper.swift in Sources */ = {isa = PBXBuildFile; fileRef = 2E6A59792AD01A010061CC1D /* CustomImageHelper.swift */; };
		2E6A597C2AD01A3C0061CC1D /* ViewStates.swift in Sources */ = {isa = PBXBuildFile; fileRef = 2E6A597B2AD01A3C0061CC1D /* ViewStates.swift */; };
		2E6A597E2AD01E300061CC1D /* String+Extension.swift in Sources */ = {isa = PBXBuildFile; fileRef = 2E6A597D2AD01E300061CC1D /* String+Extension.swift */; };
		2E6A59802AD01EC20061CC1D /* QuestionListView.swift in Sources */ = {isa = PBXBuildFile; fileRef = 2E6A597F2AD01EC20061CC1D /* QuestionListView.swift */; };
		2E6A59822AD01EED0061CC1D /* QuestionListViewModel.swift in Sources */ = {isa = PBXBuildFile; fileRef = 2E6A59812AD01EED0061CC1D /* QuestionListViewModel.swift */; };
		2E6A59852AD020D90061CC1D /* ProgressBarView.swift in Sources */ = {isa = PBXBuildFile; fileRef = 2E6A59842AD020D90061CC1D /* ProgressBarView.swift */; };
/* End PBXBuildFile section */

/* Begin PBXContainerItemProxy section */
		2E6A59242ACFEA0D0061CC1D /* PBXContainerItemProxy */ = {
			isa = PBXContainerItemProxy;
			containerPortal = 2E6A590B2ACFEA0B0061CC1D /* Project object */;
			proxyType = 1;
			remoteGlobalIDString = 2E6A59122ACFEA0B0061CC1D;
			remoteInfo = 4GQuizApp;
		};
		2E6A592E2ACFEA0D0061CC1D /* PBXContainerItemProxy */ = {
			isa = PBXContainerItemProxy;
			containerPortal = 2E6A590B2ACFEA0B0061CC1D /* Project object */;
			proxyType = 1;
			remoteGlobalIDString = 2E6A59122ACFEA0B0061CC1D;
			remoteInfo = 4GQuizApp;
		};
/* End PBXContainerItemProxy section */

/* Begin PBXFileReference section */
		2E6A59132ACFEA0B0061CC1D /* 4GQuizApp.app */ = {isa = PBXFileReference; explicitFileType = wrapper.application; includeInIndex = 0; path = 4GQuizApp.app; sourceTree = BUILT_PRODUCTS_DIR; };
		2E6A59162ACFEA0B0061CC1D /* _GQuizAppApp.swift */ = {isa = PBXFileReference; lastKnownFileType = sourcecode.swift; path = _GQuizAppApp.swift; sourceTree = "<group>"; };
		2E6A59182ACFEA0B0061CC1D /* ContentView.swift */ = {isa = PBXFileReference; lastKnownFileType = sourcecode.swift; path = ContentView.swift; sourceTree = "<group>"; };
		2E6A591A2ACFEA0D0061CC1D /* Assets.xcassets */ = {isa = PBXFileReference; lastKnownFileType = folder.assetcatalog; path = Assets.xcassets; sourceTree = "<group>"; };
		2E6A591D2ACFEA0D0061CC1D /* Preview Assets.xcassets */ = {isa = PBXFileReference; lastKnownFileType = folder.assetcatalog; path = "Preview Assets.xcassets"; sourceTree = "<group>"; };
		2E6A59232ACFEA0D0061CC1D /* 4GQuizAppTests.xctest */ = {isa = PBXFileReference; explicitFileType = wrapper.cfbundle; includeInIndex = 0; path = 4GQuizAppTests.xctest; sourceTree = BUILT_PRODUCTS_DIR; };
		2E6A59272ACFEA0D0061CC1D /* _GQuizAppTests.swift */ = {isa = PBXFileReference; lastKnownFileType = sourcecode.swift; path = _GQuizAppTests.swift; sourceTree = "<group>"; };
		2E6A592D2ACFEA0D0061CC1D /* 4GQuizAppUITests.xctest */ = {isa = PBXFileReference; explicitFileType = wrapper.cfbundle; includeInIndex = 0; path = 4GQuizAppUITests.xctest; sourceTree = BUILT_PRODUCTS_DIR; };
		2E6A59312ACFEA0D0061CC1D /* _GQuizAppUITests.swift */ = {isa = PBXFileReference; lastKnownFileType = sourcecode.swift; path = _GQuizAppUITests.swift; sourceTree = "<group>"; };
		2E6A59332ACFEA0D0061CC1D /* _GQuizAppUITestsLaunchTests.swift */ = {isa = PBXFileReference; lastKnownFileType = sourcecode.swift; path = _GQuizAppUITestsLaunchTests.swift; sourceTree = "<group>"; };
		2E6A59432ACFF5470061CC1D /* APIError.swift */ = {isa = PBXFileReference; lastKnownFileType = sourcecode.swift; path = APIError.swift; sourceTree = "<group>"; };
		2E6A59452ACFF5C30061CC1D /* NetworkManager.swift */ = {isa = PBXFileReference; lastKnownFileType = sourcecode.swift; path = NetworkManager.swift; sourceTree = "<group>"; };
		2E6A59482ACFF5D40061CC1D /* APIConstants.swift */ = {isa = PBXFileReference; lastKnownFileType = sourcecode.swift; path = APIConstants.swift; sourceTree = "<group>"; };
		2E6A594B2AD00A420061CC1D /* Quiz.swift */ = {isa = PBXFileReference; lastKnownFileType = sourcecode.swift; path = Quiz.swift; sourceTree = "<group>"; };
		2E6A594D2AD00A4E0061CC1D /* QuizDetailModel.swift */ = {isa = PBXFileReference; lastKnownFileType = sourcecode.swift; path = QuizDetailModel.swift; sourceTree = "<group>"; };
		2E6A59522AD00C010061CC1D /* QuizApiRepositoryProtocol.swift */ = {isa = PBXFileReference; lastKnownFileType = sourcecode.swift; path = QuizApiRepositoryProtocol.swift; sourceTree = "<group>"; };
		2E6A59542AD00C1C0061CC1D /* QuizApiRepository.swift */ = {isa = PBXFileReference; lastKnownFileType = sourcecode.swift; path = QuizApiRepository.swift; sourceTree = "<group>"; };
		2E6A59562AD00E9F0061CC1D /* QuizRepositoryProtocol.swift */ = {isa = PBXFileReference; lastKnownFileType = sourcecode.swift; path = QuizRepositoryProtocol.swift; sourceTree = "<group>"; };
		2E6A59582AD00EA60061CC1D /* QuizRepository.swift */ = {isa = PBXFileReference; lastKnownFileType = sourcecode.swift; path = QuizRepository.swift; sourceTree = "<group>"; };
		2E6A595B2AD0101A0061CC1D /* DIProvider.swift */ = {isa = PBXFileReference; lastKnownFileType = sourcecode.swift; path = DIProvider.swift; sourceTree = "<group>"; };
		2E6A59612AD013BA0061CC1D /* WelcomeView.swift */ = {isa = PBXFileReference; lastKnownFileType = sourcecode.swift; path = WelcomeView.swift; sourceTree = "<group>"; };
		2E6A59642AD014970061CC1D /* RoundedButtonReusable.swift */ = {isa = PBXFileReference; lastKnownFileType = sourcecode.swift; path = RoundedButtonReusable.swift; sourceTree = "<group>"; };
		2E6A59682AD015210061CC1D /* View+Extension.swift */ = {isa = PBXFileReference; lastKnownFileType = sourcecode.swift; path = "View+Extension.swift"; sourceTree = "<group>"; };
		2E6A596A2AD015CE0061CC1D /* Color.swift */ = {isa = PBXFileReference; lastKnownFileType = sourcecode.swift; path = Color.swift; sourceTree = "<group>"; };
		2E6A596F2AD017C30061CC1D /* QuizCardView.swift */ = {isa = PBXFileReference; lastKnownFileType = sourcecode.swift; path = QuizCardView.swift; sourceTree = "<group>"; };
		2E6A59712AD0182C0061CC1D /* Text+Extension.swift */ = {isa = PBXFileReference; lastKnownFileType = sourcecode.swift; path = "Text+Extension.swift"; sourceTree = "<group>"; };
		2E6A59732AD018EF0061CC1D /* RoundedCorner.swift */ = {isa = PBXFileReference; lastKnownFileType = sourcecode.swift; path = RoundedCorner.swift; sourceTree = "<group>"; };
		2E6A59762AD019BE0061CC1D /* CacheManager.swift */ = {isa = PBXFileReference; lastKnownFileType = sourcecode.swift; path = CacheManager.swift; sourceTree = "<group>"; };
		2E6A59792AD01A010061CC1D /* CustomImageHelper.swift */ = {isa = PBXFileReference; lastKnownFileType = sourcecode.swift; path = CustomImageHelper.swift; sourceTree = "<group>"; };
		2E6A597B2AD01A3C0061CC1D /* ViewStates.swift */ = {isa = PBXFileReference; lastKnownFileType = sourcecode.swift; path = ViewStates.swift; sourceTree = "<group>"; };
		2E6A597D2AD01E300061CC1D /* String+Extension.swift */ = {isa = PBXFileReference; lastKnownFileType = sourcecode.swift; path = "String+Extension.swift"; sourceTree = "<group>"; };
		2E6A597F2AD01EC20061CC1D /* QuestionListView.swift */ = {isa = PBXFileReference; lastKnownFileType = sourcecode.swift; path = QuestionListView.swift; sourceTree = "<group>"; };
		2E6A59812AD01EED0061CC1D /* QuestionListViewModel.swift */ = {isa = PBXFileReference; lastKnownFileType = sourcecode.swift; path = QuestionListViewModel.swift; sourceTree = "<group>"; };
		2E6A59842AD020D90061CC1D /* ProgressBarView.swift */ = {isa = PBXFileReference; lastKnownFileType = sourcecode.swift; path = ProgressBarView.swift; sourceTree = "<group>"; };
/* End PBXFileReference section */

/* Begin PBXFrameworksBuildPhase section */
		2E6A59102ACFEA0B0061CC1D /* Frameworks */ = {
			isa = PBXFrameworksBuildPhase;
			buildActionMask = 2147483647;
			files = (
			);
			runOnlyForDeploymentPostprocessing = 0;
		};
		2E6A59202ACFEA0D0061CC1D /* Frameworks */ = {
			isa = PBXFrameworksBuildPhase;
			buildActionMask = 2147483647;
			files = (
			);
			runOnlyForDeploymentPostprocessing = 0;
		};
		2E6A592A2ACFEA0D0061CC1D /* Frameworks */ = {
			isa = PBXFrameworksBuildPhase;
			buildActionMask = 2147483647;
			files = (
			);
			runOnlyForDeploymentPostprocessing = 0;
		};
/* End PBXFrameworksBuildPhase section */

/* Begin PBXGroup section */
		2E6A590A2ACFEA0B0061CC1D = {
			isa = PBXGroup;
			children = (
				2E6A59152ACFEA0B0061CC1D /* 4GQuizApp */,
				2E6A59262ACFEA0D0061CC1D /* 4GQuizAppTests */,
				2E6A59302ACFEA0D0061CC1D /* 4GQuizAppUITests */,
				2E6A59142ACFEA0B0061CC1D /* Products */,
			);
			sourceTree = "<group>";
		};
		2E6A59142ACFEA0B0061CC1D /* Products */ = {
			isa = PBXGroup;
			children = (
				2E6A59132ACFEA0B0061CC1D /* 4GQuizApp.app */,
				2E6A59232ACFEA0D0061CC1D /* 4GQuizAppTests.xctest */,
				2E6A592D2ACFEA0D0061CC1D /* 4GQuizAppUITests.xctest */,
			);
			name = Products;
			sourceTree = "<group>";
		};
		2E6A59152ACFEA0B0061CC1D /* 4GQuizApp */ = {
			isa = PBXGroup;
			children = (
				2E6A59662AD015090061CC1D /* Helper */,
				2E6A595E2AD013640061CC1D /* Components */,
				2E6A595D2AD013610061CC1D /* Module */,
				2E6A595A2AD010010061CC1D /* DI */,
				2E6A594F2AD00BD90061CC1D /* DataModules */,
				2E6A594A2AD00A100061CC1D /* Model */,
				2E6A59402ACFF5250061CC1D /* Network */,
				2E6A59162ACFEA0B0061CC1D /* _GQuizAppApp.swift */,
				2E6A59182ACFEA0B0061CC1D /* ContentView.swift */,
				2E6A591A2ACFEA0D0061CC1D /* Assets.xcassets */,
				2E6A591C2ACFEA0D0061CC1D /* Preview Content */,
			);
			path = 4GQuizApp;
			sourceTree = "<group>";
		};
		2E6A591C2ACFEA0D0061CC1D /* Preview Content */ = {
			isa = PBXGroup;
			children = (
				2E6A591D2ACFEA0D0061CC1D /* Preview Assets.xcassets */,
			);
			path = "Preview Content";
			sourceTree = "<group>";
		};
		2E6A59262ACFEA0D0061CC1D /* 4GQuizAppTests */ = {
			isa = PBXGroup;
			children = (
				2E6A59272ACFEA0D0061CC1D /* _GQuizAppTests.swift */,
			);
			path = 4GQuizAppTests;
			sourceTree = "<group>";
		};
		2E6A59302ACFEA0D0061CC1D /* 4GQuizAppUITests */ = {
			isa = PBXGroup;
			children = (
				2E6A59312ACFEA0D0061CC1D /* _GQuizAppUITests.swift */,
				2E6A59332ACFEA0D0061CC1D /* _GQuizAppUITestsLaunchTests.swift */,
			);
			path = 4GQuizAppUITests;
			sourceTree = "<group>";
		};
		2E6A59402ACFF5250061CC1D /* Network */ = {
			isa = PBXGroup;
			children = (
				2E6A59472ACFF5C70061CC1D /* APIConstants */,
				2E6A59422ACFF5320061CC1D /* NetworkManager */,
				2E6A59412ACFF52E0061CC1D /* Error */,
			);
			path = Network;
			sourceTree = "<group>";
		};
		2E6A59412ACFF52E0061CC1D /* Error */ = {
			isa = PBXGroup;
			children = (
				2E6A59432ACFF5470061CC1D /* APIError.swift */,
			);
			path = Error;
			sourceTree = "<group>";
		};
		2E6A59422ACFF5320061CC1D /* NetworkManager */ = {
			isa = PBXGroup;
			children = (
				2E6A59452ACFF5C30061CC1D /* NetworkManager.swift */,
			);
			path = NetworkManager;
			sourceTree = "<group>";
		};
		2E6A59472ACFF5C70061CC1D /* APIConstants */ = {
			isa = PBXGroup;
			children = (
				2E6A59482ACFF5D40061CC1D /* APIConstants.swift */,
			);
			path = APIConstants;
			sourceTree = "<group>";
		};
		2E6A594A2AD00A100061CC1D /* Model */ = {
			isa = PBXGroup;
			children = (
				2E6A594B2AD00A420061CC1D /* Quiz.swift */,
				2E6A594D2AD00A4E0061CC1D /* QuizDetailModel.swift */,
			);
			path = Model;
			sourceTree = "<group>";
		};
		2E6A594F2AD00BD90061CC1D /* DataModules */ = {
			isa = PBXGroup;
			children = (
				2E6A59502AD00BE10061CC1D /* QuizRepository */,
			);
			path = DataModules;
			sourceTree = "<group>";
		};
		2E6A59502AD00BE10061CC1D /* QuizRepository */ = {
			isa = PBXGroup;
			children = (
				2E6A59512AD00BEB0061CC1D /* API */,
				2E6A59562AD00E9F0061CC1D /* QuizRepositoryProtocol.swift */,
				2E6A59582AD00EA60061CC1D /* QuizRepository.swift */,
			);
			path = QuizRepository;
			sourceTree = "<group>";
		};
		2E6A59512AD00BEB0061CC1D /* API */ = {
			isa = PBXGroup;
			children = (
				2E6A59522AD00C010061CC1D /* QuizApiRepositoryProtocol.swift */,
				2E6A59542AD00C1C0061CC1D /* QuizApiRepository.swift */,
			);
			path = API;
			sourceTree = "<group>";
		};
		2E6A595A2AD010010061CC1D /* DI */ = {
			isa = PBXGroup;
			children = (
				2E6A595B2AD0101A0061CC1D /* DIProvider.swift */,
			);
			path = DI;
			sourceTree = "<group>";
		};
		2E6A595D2AD013610061CC1D /* Module */ = {
			isa = PBXGroup;
			children = (
				2E6A596C2AD017890061CC1D /* QuestionList */,
				2E6A595F2AD0136A0061CC1D /* WelcomeView */,
			);
			path = Module;
			sourceTree = "<group>";
		};
		2E6A595E2AD013640061CC1D /* Components */ = {
			isa = PBXGroup;
			children = (
				2E6A59832AD020CD0061CC1D /* ProgressBarView */,
				2E6A59632AD014910061CC1D /* RoundedButtonReusable */,
			);
			path = Components;
			sourceTree = "<group>";
		};
		2E6A595F2AD0136A0061CC1D /* WelcomeView */ = {
			isa = PBXGroup;
			children = (
				2E6A59602AD013720061CC1D /* View */,
			);
			path = WelcomeView;
			sourceTree = "<group>";
		};
		2E6A59602AD013720061CC1D /* View */ = {
			isa = PBXGroup;
			children = (
				2E6A59612AD013BA0061CC1D /* WelcomeView.swift */,
			);
			path = View;
			sourceTree = "<group>";
		};
		2E6A59632AD014910061CC1D /* RoundedButtonReusable */ = {
			isa = PBXGroup;
			children = (
				2E6A59642AD014970061CC1D /* RoundedButtonReusable.swift */,
			);
			path = RoundedButtonReusable;
			sourceTree = "<group>";
		};
		2E6A59662AD015090061CC1D /* Helper */ = {
			isa = PBXGroup;
			children = (
				2E6A59782AD019EB0061CC1D /* ImageHelper */,
				2E6A59752AD019980061CC1D /* CacheManager */,
				2E6A59672AD0150D0061CC1D /* Extensions */,
				2E6A597B2AD01A3C0061CC1D /* ViewStates.swift */,
			);
			path = Helper;
			sourceTree = "<group>";
		};
		2E6A59672AD0150D0061CC1D /* Extensions */ = {
			isa = PBXGroup;
			children = (
				2E6A59682AD015210061CC1D /* View+Extension.swift */,
				2E6A596A2AD015CE0061CC1D /* Color.swift */,
				2E6A59712AD0182C0061CC1D /* Text+Extension.swift */,
				2E6A59732AD018EF0061CC1D /* RoundedCorner.swift */,
				2E6A597D2AD01E300061CC1D /* String+Extension.swift */,
			);
			path = Extensions;
			sourceTree = "<group>";
		};
		2E6A596C2AD017890061CC1D /* QuestionList */ = {
			isa = PBXGroup;
			children = (
				2E6A596E2AD017910061CC1D /* ViewModel */,
				2E6A596D2AD0178E0061CC1D /* View */,
			);
			path = QuestionList;
			sourceTree = "<group>";
		};
		2E6A596D2AD0178E0061CC1D /* View */ = {
			isa = PBXGroup;
			children = (
				2E6A596F2AD017C30061CC1D /* QuizCardView.swift */,
				2E6A597F2AD01EC20061CC1D /* QuestionListView.swift */,
			);
			path = View;
			sourceTree = "<group>";
		};
		2E6A596E2AD017910061CC1D /* ViewModel */ = {
			isa = PBXGroup;
			children = (
				2E6A59812AD01EED0061CC1D /* QuestionListViewModel.swift */,
			);
			path = ViewModel;
			sourceTree = "<group>";
		};
		2E6A59752AD019980061CC1D /* CacheManager */ = {
			isa = PBXGroup;
			children = (
				2E6A59762AD019BE0061CC1D /* CacheManager.swift */,
			);
			path = CacheManager;
			sourceTree = "<group>";
		};
		2E6A59782AD019EB0061CC1D /* ImageHelper */ = {
			isa = PBXGroup;
			children = (
				2E6A59792AD01A010061CC1D /* CustomImageHelper.swift */,
			);
			path = ImageHelper;
			sourceTree = "<group>";
		};
		2E6A59832AD020CD0061CC1D /* ProgressBarView */ = {
			isa = PBXGroup;
			children = (
				2E6A59842AD020D90061CC1D /* ProgressBarView.swift */,
			);
			path = ProgressBarView;
			sourceTree = "<group>";
		};
/* End PBXGroup section */

/* Begin PBXNativeTarget section */
		2E6A59122ACFEA0B0061CC1D /* 4GQuizApp */ = {
			isa = PBXNativeTarget;
			buildConfigurationList = 2E6A59372ACFEA0D0061CC1D /* Build configuration list for PBXNativeTarget "4GQuizApp" */;
			buildPhases = (
				2E6A590F2ACFEA0B0061CC1D /* Sources */,
				2E6A59102ACFEA0B0061CC1D /* Frameworks */,
				2E6A59112ACFEA0B0061CC1D /* Resources */,
			);
			buildRules = (
			);
			dependencies = (
			);
			name = 4GQuizApp;
			productName = 4GQuizApp;
			productReference = 2E6A59132ACFEA0B0061CC1D /* 4GQuizApp.app */;
			productType = "com.apple.product-type.application";
		};
		2E6A59222ACFEA0D0061CC1D /* 4GQuizAppTests */ = {
			isa = PBXNativeTarget;
			buildConfigurationList = 2E6A593A2ACFEA0D0061CC1D /* Build configuration list for PBXNativeTarget "4GQuizAppTests" */;
			buildPhases = (
				2E6A591F2ACFEA0D0061CC1D /* Sources */,
				2E6A59202ACFEA0D0061CC1D /* Frameworks */,
				2E6A59212ACFEA0D0061CC1D /* Resources */,
			);
			buildRules = (
			);
			dependencies = (
				2E6A59252ACFEA0D0061CC1D /* PBXTargetDependency */,
			);
			name = 4GQuizAppTests;
			productName = 4GQuizAppTests;
			productReference = 2E6A59232ACFEA0D0061CC1D /* 4GQuizAppTests.xctest */;
			productType = "com.apple.product-type.bundle.unit-test";
		};
		2E6A592C2ACFEA0D0061CC1D /* 4GQuizAppUITests */ = {
			isa = PBXNativeTarget;
			buildConfigurationList = 2E6A593D2ACFEA0D0061CC1D /* Build configuration list for PBXNativeTarget "4GQuizAppUITests" */;
			buildPhases = (
				2E6A59292ACFEA0D0061CC1D /* Sources */,
				2E6A592A2ACFEA0D0061CC1D /* Frameworks */,
				2E6A592B2ACFEA0D0061CC1D /* Resources */,
			);
			buildRules = (
			);
			dependencies = (
				2E6A592F2ACFEA0D0061CC1D /* PBXTargetDependency */,
			);
			name = 4GQuizAppUITests;
			productName = 4GQuizAppUITests;
			productReference = 2E6A592D2ACFEA0D0061CC1D /* 4GQuizAppUITests.xctest */;
			productType = "com.apple.product-type.bundle.ui-testing";
		};
/* End PBXNativeTarget section */

/* Begin PBXProject section */
		2E6A590B2ACFEA0B0061CC1D /* Project object */ = {
			isa = PBXProject;
			attributes = {
				BuildIndependentTargetsInParallel = 1;
				LastSwiftUpdateCheck = 1430;
				LastUpgradeCheck = 1430;
				TargetAttributes = {
					2E6A59122ACFEA0B0061CC1D = {
						CreatedOnToolsVersion = 14.3.1;
					};
					2E6A59222ACFEA0D0061CC1D = {
						CreatedOnToolsVersion = 14.3.1;
						TestTargetID = 2E6A59122ACFEA0B0061CC1D;
					};
					2E6A592C2ACFEA0D0061CC1D = {
						CreatedOnToolsVersion = 14.3.1;
						TestTargetID = 2E6A59122ACFEA0B0061CC1D;
					};
				};
			};
			buildConfigurationList = 2E6A590E2ACFEA0B0061CC1D /* Build configuration list for PBXProject "4GQuizApp" */;
			compatibilityVersion = "Xcode 14.0";
			developmentRegion = en;
			hasScannedForEncodings = 0;
			knownRegions = (
				en,
				Base,
			);
			mainGroup = 2E6A590A2ACFEA0B0061CC1D;
			productRefGroup = 2E6A59142ACFEA0B0061CC1D /* Products */;
			projectDirPath = "";
			projectRoot = "";
			targets = (
				2E6A59122ACFEA0B0061CC1D /* 4GQuizApp */,
				2E6A59222ACFEA0D0061CC1D /* 4GQuizAppTests */,
				2E6A592C2ACFEA0D0061CC1D /* 4GQuizAppUITests */,
			);
		};
/* End PBXProject section */

/* Begin PBXResourcesBuildPhase section */
		2E6A59112ACFEA0B0061CC1D /* Resources */ = {
			isa = PBXResourcesBuildPhase;
			buildActionMask = 2147483647;
			files = (
				2E6A591E2ACFEA0D0061CC1D /* Preview Assets.xcassets in Resources */,
				2E6A591B2ACFEA0D0061CC1D /* Assets.xcassets in Resources */,
			);
			runOnlyForDeploymentPostprocessing = 0;
		};
		2E6A59212ACFEA0D0061CC1D /* Resources */ = {
			isa = PBXResourcesBuildPhase;
			buildActionMask = 2147483647;
			files = (
			);
			runOnlyForDeploymentPostprocessing = 0;
		};
		2E6A592B2ACFEA0D0061CC1D /* Resources */ = {
			isa = PBXResourcesBuildPhase;
			buildActionMask = 2147483647;
			files = (
			);
			runOnlyForDeploymentPostprocessing = 0;
		};
/* End PBXResourcesBuildPhase section */

/* Begin PBXSourcesBuildPhase section */
		2E6A590F2ACFEA0B0061CC1D /* Sources */ = {
			isa = PBXSourcesBuildPhase;
			buildActionMask = 2147483647;
			files = (
				2E6A59462ACFF5C30061CC1D /* NetworkManager.swift in Sources */,
				2E6A59702AD017C30061CC1D /* QuizCardView.swift in Sources */,
				2E6A597C2AD01A3C0061CC1D /* ViewStates.swift in Sources */,
				2E6A594E2AD00A4E0061CC1D /* QuizDetailModel.swift in Sources */,
				2E6A597A2AD01A010061CC1D /* CustomImageHelper.swift in Sources */,
				2E6A59652AD014970061CC1D /* RoundedButtonReusable.swift in Sources */,
				2E6A59722AD0182C0061CC1D /* Text+Extension.swift in Sources */,
				2E6A59572AD00EA00061CC1D /* QuizRepositoryProtocol.swift in Sources */,
				2E6A59492ACFF5D40061CC1D /* APIConstants.swift in Sources */,
				2E6A59822AD01EED0061CC1D /* QuestionListViewModel.swift in Sources */,
				2E6A596B2AD015CE0061CC1D /* Color.swift in Sources */,
				2E6A59852AD020D90061CC1D /* ProgressBarView.swift in Sources */,
				2E6A59592AD00EA60061CC1D /* QuizRepository.swift in Sources */,
				2E6A594C2AD00A420061CC1D /* Quiz.swift in Sources */,
				2E6A597E2AD01E300061CC1D /* String+Extension.swift in Sources */,
				2E6A59692AD015210061CC1D /* View+Extension.swift in Sources */,
				2E6A59552AD00C1C0061CC1D /* QuizApiRepository.swift in Sources */,
				2E6A59622AD013BA0061CC1D /* WelcomeView.swift in Sources */,
				2E6A59802AD01EC20061CC1D /* QuestionListView.swift in Sources */,
				2E6A595C2AD0101A0061CC1D /* DIProvider.swift in Sources */,
				2E6A59192ACFEA0B0061CC1D /* ContentView.swift in Sources */,
				2E6A59172ACFEA0B0061CC1D /* _GQuizAppApp.swift in Sources */,
				2E6A59772AD019BE0061CC1D /* CacheManager.swift in Sources */,
				2E6A59442ACFF5470061CC1D /* APIError.swift in Sources */,
				2E6A59742AD018EF0061CC1D /* RoundedCorner.swift in Sources */,
				2E6A59532AD00C010061CC1D /* QuizApiRepositoryProtocol.swift in Sources */,
			);
			runOnlyForDeploymentPostprocessing = 0;
		};
		2E6A591F2ACFEA0D0061CC1D /* Sources */ = {
			isa = PBXSourcesBuildPhase;
			buildActionMask = 2147483647;
			files = (
				2E6A59282ACFEA0D0061CC1D /* _GQuizAppTests.swift in Sources */,
			);
			runOnlyForDeploymentPostprocessing = 0;
		};
		2E6A59292ACFEA0D0061CC1D /* Sources */ = {
			isa = PBXSourcesBuildPhase;
			buildActionMask = 2147483647;
			files = (
				2E6A59322ACFEA0D0061CC1D /* _GQuizAppUITests.swift in Sources */,
				2E6A59342ACFEA0D0061CC1D /* _GQuizAppUITestsLaunchTests.swift in Sources */,
			);
			runOnlyForDeploymentPostprocessing = 0;
		};
/* End PBXSourcesBuildPhase section */

/* Begin PBXTargetDependency section */
		2E6A59252ACFEA0D0061CC1D /* PBXTargetDependency */ = {
			isa = PBXTargetDependency;
			target = 2E6A59122ACFEA0B0061CC1D /* 4GQuizApp */;
			targetProxy = 2E6A59242ACFEA0D0061CC1D /* PBXContainerItemProxy */;
		};
		2E6A592F2ACFEA0D0061CC1D /* PBXTargetDependency */ = {
			isa = PBXTargetDependency;
			target = 2E6A59122ACFEA0B0061CC1D /* 4GQuizApp */;
			targetProxy = 2E6A592E2ACFEA0D0061CC1D /* PBXContainerItemProxy */;
		};
/* End PBXTargetDependency section */

/* Begin XCBuildConfiguration section */
		2E6A59352ACFEA0D0061CC1D /* Debug */ = {
			isa = XCBuildConfiguration;
			buildSettings = {
				ALWAYS_SEARCH_USER_PATHS = NO;
				CLANG_ANALYZER_NONNULL = YES;
				CLANG_ANALYZER_NUMBER_OBJECT_CONVERSION = YES_AGGRESSIVE;
				CLANG_CXX_LANGUAGE_STANDARD = "gnu++20";
				CLANG_ENABLE_MODULES = YES;
				CLANG_ENABLE_OBJC_ARC = YES;
				CLANG_ENABLE_OBJC_WEAK = YES;
				CLANG_WARN_BLOCK_CAPTURE_AUTORELEASING = YES;
				CLANG_WARN_BOOL_CONVERSION = YES;
				CLANG_WARN_COMMA = YES;
				CLANG_WARN_CONSTANT_CONVERSION = YES;
				CLANG_WARN_DEPRECATED_OBJC_IMPLEMENTATIONS = YES;
				CLANG_WARN_DIRECT_OBJC_ISA_USAGE = YES_ERROR;
				CLANG_WARN_DOCUMENTATION_COMMENTS = YES;
				CLANG_WARN_EMPTY_BODY = YES;
				CLANG_WARN_ENUM_CONVERSION = YES;
				CLANG_WARN_INFINITE_RECURSION = YES;
				CLANG_WARN_INT_CONVERSION = YES;
				CLANG_WARN_NON_LITERAL_NULL_CONVERSION = YES;
				CLANG_WARN_OBJC_IMPLICIT_RETAIN_SELF = YES;
				CLANG_WARN_OBJC_LITERAL_CONVERSION = YES;
				CLANG_WARN_OBJC_ROOT_CLASS = YES_ERROR;
				CLANG_WARN_QUOTED_INCLUDE_IN_FRAMEWORK_HEADER = YES;
				CLANG_WARN_RANGE_LOOP_ANALYSIS = YES;
				CLANG_WARN_STRICT_PROTOTYPES = YES;
				CLANG_WARN_SUSPICIOUS_MOVE = YES;
				CLANG_WARN_UNGUARDED_AVAILABILITY = YES_AGGRESSIVE;
				CLANG_WARN_UNREACHABLE_CODE = YES;
				CLANG_WARN__DUPLICATE_METHOD_MATCH = YES;
				COPY_PHASE_STRIP = NO;
				DEBUG_INFORMATION_FORMAT = dwarf;
				ENABLE_STRICT_OBJC_MSGSEND = YES;
				ENABLE_TESTABILITY = YES;
				GCC_C_LANGUAGE_STANDARD = gnu11;
				GCC_DYNAMIC_NO_PIC = NO;
				GCC_NO_COMMON_BLOCKS = YES;
				GCC_OPTIMIZATION_LEVEL = 0;
				GCC_PREPROCESSOR_DEFINITIONS = (
					"DEBUG=1",
					"$(inherited)",
				);
				GCC_WARN_64_TO_32_BIT_CONVERSION = YES;
				GCC_WARN_ABOUT_RETURN_TYPE = YES_ERROR;
				GCC_WARN_UNDECLARED_SELECTOR = YES;
				GCC_WARN_UNINITIALIZED_AUTOS = YES_AGGRESSIVE;
				GCC_WARN_UNUSED_FUNCTION = YES;
				GCC_WARN_UNUSED_VARIABLE = YES;
				IPHONEOS_DEPLOYMENT_TARGET = 15.0;
				MTL_ENABLE_DEBUG_INFO = INCLUDE_SOURCE;
				MTL_FAST_MATH = YES;
				ONLY_ACTIVE_ARCH = YES;
				SDKROOT = iphoneos;
				SWIFT_ACTIVE_COMPILATION_CONDITIONS = DEBUG;
				SWIFT_OPTIMIZATION_LEVEL = "-Onone";
			};
			name = Debug;
		};
		2E6A59362ACFEA0D0061CC1D /* Release */ = {
			isa = XCBuildConfiguration;
			buildSettings = {
				ALWAYS_SEARCH_USER_PATHS = NO;
				CLANG_ANALYZER_NONNULL = YES;
				CLANG_ANALYZER_NUMBER_OBJECT_CONVERSION = YES_AGGRESSIVE;
				CLANG_CXX_LANGUAGE_STANDARD = "gnu++20";
				CLANG_ENABLE_MODULES = YES;
				CLANG_ENABLE_OBJC_ARC = YES;
				CLANG_ENABLE_OBJC_WEAK = YES;
				CLANG_WARN_BLOCK_CAPTURE_AUTORELEASING = YES;
				CLANG_WARN_BOOL_CONVERSION = YES;
				CLANG_WARN_COMMA = YES;
				CLANG_WARN_CONSTANT_CONVERSION = YES;
				CLANG_WARN_DEPRECATED_OBJC_IMPLEMENTATIONS = YES;
				CLANG_WARN_DIRECT_OBJC_ISA_USAGE = YES_ERROR;
				CLANG_WARN_DOCUMENTATION_COMMENTS = YES;
				CLANG_WARN_EMPTY_BODY = YES;
				CLANG_WARN_ENUM_CONVERSION = YES;
				CLANG_WARN_INFINITE_RECURSION = YES;
				CLANG_WARN_INT_CONVERSION = YES;
				CLANG_WARN_NON_LITERAL_NULL_CONVERSION = YES;
				CLANG_WARN_OBJC_IMPLICIT_RETAIN_SELF = YES;
				CLANG_WARN_OBJC_LITERAL_CONVERSION = YES;
				CLANG_WARN_OBJC_ROOT_CLASS = YES_ERROR;
				CLANG_WARN_QUOTED_INCLUDE_IN_FRAMEWORK_HEADER = YES;
				CLANG_WARN_RANGE_LOOP_ANALYSIS = YES;
				CLANG_WARN_STRICT_PROTOTYPES = YES;
				CLANG_WARN_SUSPICIOUS_MOVE = YES;
				CLANG_WARN_UNGUARDED_AVAILABILITY = YES_AGGRESSIVE;
				CLANG_WARN_UNREACHABLE_CODE = YES;
				CLANG_WARN__DUPLICATE_METHOD_MATCH = YES;
				COPY_PHASE_STRIP = NO;
				DEBUG_INFORMATION_FORMAT = "dwarf-with-dsym";
				ENABLE_NS_ASSERTIONS = NO;
				ENABLE_STRICT_OBJC_MSGSEND = YES;
				GCC_C_LANGUAGE_STANDARD = gnu11;
				GCC_NO_COMMON_BLOCKS = YES;
				GCC_WARN_64_TO_32_BIT_CONVERSION = YES;
				GCC_WARN_ABOUT_RETURN_TYPE = YES_ERROR;
				GCC_WARN_UNDECLARED_SELECTOR = YES;
				GCC_WARN_UNINITIALIZED_AUTOS = YES_AGGRESSIVE;
				GCC_WARN_UNUSED_FUNCTION = YES;
				GCC_WARN_UNUSED_VARIABLE = YES;
				IPHONEOS_DEPLOYMENT_TARGET = 15.0;
				MTL_ENABLE_DEBUG_INFO = NO;
				MTL_FAST_MATH = YES;
				SDKROOT = iphoneos;
				SWIFT_COMPILATION_MODE = wholemodule;
				SWIFT_OPTIMIZATION_LEVEL = "-O";
				VALIDATE_PRODUCT = YES;
			};
			name = Release;
		};
		2E6A59382ACFEA0D0061CC1D /* Debug */ = {
			isa = XCBuildConfiguration;
			buildSettings = {
				ASSETCATALOG_COMPILER_APPICON_NAME = AppIcon;
				ASSETCATALOG_COMPILER_GLOBAL_ACCENT_COLOR_NAME = AccentColor;
				CODE_SIGN_STYLE = Automatic;
				CURRENT_PROJECT_VERSION = 1;
				DEVELOPMENT_ASSET_PATHS = "\"4GQuizApp/Preview Content\"";
				DEVELOPMENT_TEAM = S9DK5UPJ7X;
				ENABLE_PREVIEWS = YES;
				GENERATE_INFOPLIST_FILE = YES;
				INFOPLIST_KEY_UIApplicationSceneManifest_Generation = YES;
				INFOPLIST_KEY_UIApplicationSupportsIndirectInputEvents = YES;
				INFOPLIST_KEY_UILaunchScreen_Generation = YES;
				INFOPLIST_KEY_UISupportedInterfaceOrientations_iPad = "UIInterfaceOrientationPortrait UIInterfaceOrientationPortraitUpsideDown UIInterfaceOrientationLandscapeLeft UIInterfaceOrientationLandscapeRight";
				INFOPLIST_KEY_UISupportedInterfaceOrientations_iPhone = "UIInterfaceOrientationPortrait UIInterfaceOrientationLandscapeLeft UIInterfaceOrientationLandscapeRight";
				IPHONEOS_DEPLOYMENT_TARGET = 15;
				LD_RUNPATH_SEARCH_PATHS = (
					"$(inherited)",
					"@executable_path/Frameworks",
				);
				MARKETING_VERSION = 1.0;
				PRODUCT_BUNDLE_IDENTIFIER = "codesolution.-GQuizApp";
				PRODUCT_NAME = "$(TARGET_NAME)";
				SWIFT_EMIT_LOC_STRINGS = YES;
				SWIFT_VERSION = 5.0;
				TARGETED_DEVICE_FAMILY = "1,2";
			};
			name = Debug;
		};
		2E6A59392ACFEA0D0061CC1D /* Release */ = {
			isa = XCBuildConfiguration;
			buildSettings = {
				ASSETCATALOG_COMPILER_APPICON_NAME = AppIcon;
				ASSETCATALOG_COMPILER_GLOBAL_ACCENT_COLOR_NAME = AccentColor;
				CODE_SIGN_STYLE = Automatic;
				CURRENT_PROJECT_VERSION = 1;
				DEVELOPMENT_ASSET_PATHS = "\"4GQuizApp/Preview Content\"";
				DEVELOPMENT_TEAM = S9DK5UPJ7X;
				ENABLE_PREVIEWS = YES;
				GENERATE_INFOPLIST_FILE = YES;
				INFOPLIST_KEY_UIApplicationSceneManifest_Generation = YES;
				INFOPLIST_KEY_UIApplicationSupportsIndirectInputEvents = YES;
				INFOPLIST_KEY_UILaunchScreen_Generation = YES;
				INFOPLIST_KEY_UISupportedInterfaceOrientations_iPad = "UIInterfaceOrientationPortrait UIInterfaceOrientationPortraitUpsideDown UIInterfaceOrientationLandscapeLeft UIInterfaceOrientationLandscapeRight";
				INFOPLIST_KEY_UISupportedInterfaceOrientations_iPhone = "UIInterfaceOrientationPortrait UIInterfaceOrientationLandscapeLeft UIInterfaceOrientationLandscapeRight";
				IPHONEOS_DEPLOYMENT_TARGET = 15;
				LD_RUNPATH_SEARCH_PATHS = (
					"$(inherited)",
					"@executable_path/Frameworks",
				);
				MARKETING_VERSION = 1.0;
				PRODUCT_BUNDLE_IDENTIFIER = "codesolution.-GQuizApp";
				PRODUCT_NAME = "$(TARGET_NAME)";
				SWIFT_EMIT_LOC_STRINGS = YES;
				SWIFT_VERSION = 5.0;
				TARGETED_DEVICE_FAMILY = "1,2";
			};
			name = Release;
		};
		2E6A593B2ACFEA0D0061CC1D /* Debug */ = {
			isa = XCBuildConfiguration;
			buildSettings = {
				ALWAYS_EMBED_SWIFT_STANDARD_LIBRARIES = YES;
				BUNDLE_LOADER = "$(TEST_HOST)";
				CODE_SIGN_STYLE = Automatic;
				CURRENT_PROJECT_VERSION = 1;
				DEVELOPMENT_TEAM = S9DK5UPJ7X;
				GENERATE_INFOPLIST_FILE = YES;
				IPHONEOS_DEPLOYMENT_TARGET = 16.4;
				MARKETING_VERSION = 1.0;
				PRODUCT_BUNDLE_IDENTIFIER = "codesolution.-GQuizAppTests";
				PRODUCT_NAME = "$(TARGET_NAME)";
				SWIFT_EMIT_LOC_STRINGS = NO;
				SWIFT_VERSION = 5.0;
				TARGETED_DEVICE_FAMILY = "1,2";
				TEST_HOST = "$(BUILT_PRODUCTS_DIR)/4GQuizApp.app/$(BUNDLE_EXECUTABLE_FOLDER_PATH)/4GQuizApp";
			};
			name = Debug;
		};
		2E6A593C2ACFEA0D0061CC1D /* Release */ = {
			isa = XCBuildConfiguration;
			buildSettings = {
				ALWAYS_EMBED_SWIFT_STANDARD_LIBRARIES = YES;
				BUNDLE_LOADER = "$(TEST_HOST)";
				CODE_SIGN_STYLE = Automatic;
				CURRENT_PROJECT_VERSION = 1;
				DEVELOPMENT_TEAM = S9DK5UPJ7X;
				GENERATE_INFOPLIST_FILE = YES;
				IPHONEOS_DEPLOYMENT_TARGET = 16.4;
				MARKETING_VERSION = 1.0;
				PRODUCT_BUNDLE_IDENTIFIER = "codesolution.-GQuizAppTests";
				PRODUCT_NAME = "$(TARGET_NAME)";
				SWIFT_EMIT_LOC_STRINGS = NO;
				SWIFT_VERSION = 5.0;
				TARGETED_DEVICE_FAMILY = "1,2";
				TEST_HOST = "$(BUILT_PRODUCTS_DIR)/4GQuizApp.app/$(BUNDLE_EXECUTABLE_FOLDER_PATH)/4GQuizApp";
			};
			name = Release;
		};
		2E6A593E2ACFEA0D0061CC1D /* Debug */ = {
			isa = XCBuildConfiguration;
			buildSettings = {
				ALWAYS_EMBED_SWIFT_STANDARD_LIBRARIES = YES;
				CODE_SIGN_STYLE = Automatic;
				CURRENT_PROJECT_VERSION = 1;
				DEVELOPMENT_TEAM = S9DK5UPJ7X;
				GENERATE_INFOPLIST_FILE = YES;
				MARKETING_VERSION = 1.0;
				PRODUCT_BUNDLE_IDENTIFIER = "codesolution.-GQuizAppUITests";
				PRODUCT_NAME = "$(TARGET_NAME)";
				SWIFT_EMIT_LOC_STRINGS = NO;
				SWIFT_VERSION = 5.0;
				TARGETED_DEVICE_FAMILY = "1,2";
				TEST_TARGET_NAME = 4GQuizApp;
			};
			name = Debug;
		};
		2E6A593F2ACFEA0D0061CC1D /* Release */ = {
			isa = XCBuildConfiguration;
			buildSettings = {
				ALWAYS_EMBED_SWIFT_STANDARD_LIBRARIES = YES;
				CODE_SIGN_STYLE = Automatic;
				CURRENT_PROJECT_VERSION = 1;
				DEVELOPMENT_TEAM = S9DK5UPJ7X;
				GENERATE_INFOPLIST_FILE = YES;
				MARKETING_VERSION = 1.0;
				PRODUCT_BUNDLE_IDENTIFIER = "codesolution.-GQuizAppUITests";
				PRODUCT_NAME = "$(TARGET_NAME)";
				SWIFT_EMIT_LOC_STRINGS = NO;
				SWIFT_VERSION = 5.0;
				TARGETED_DEVICE_FAMILY = "1,2";
				TEST_TARGET_NAME = 4GQuizApp;
			};
			name = Release;
		};
/* End XCBuildConfiguration section */

/* Begin XCConfigurationList section */
		2E6A590E2ACFEA0B0061CC1D /* Build configuration list for PBXProject "4GQuizApp" */ = {
			isa = XCConfigurationList;
			buildConfigurations = (
				2E6A59352ACFEA0D0061CC1D /* Debug */,
				2E6A59362ACFEA0D0061CC1D /* Release */,
			);
			defaultConfigurationIsVisible = 0;
			defaultConfigurationName = Release;
		};
		2E6A59372ACFEA0D0061CC1D /* Build configuration list for PBXNativeTarget "4GQuizApp" */ = {
			isa = XCConfigurationList;
			buildConfigurations = (
				2E6A59382ACFEA0D0061CC1D /* Debug */,
				2E6A59392ACFEA0D0061CC1D /* Release */,
			);
			defaultConfigurationIsVisible = 0;
			defaultConfigurationName = Release;
		};
		2E6A593A2ACFEA0D0061CC1D /* Build configuration list for PBXNativeTarget "4GQuizAppTests" */ = {
			isa = XCConfigurationList;
			buildConfigurations = (
				2E6A593B2ACFEA0D0061CC1D /* Debug */,
				2E6A593C2ACFEA0D0061CC1D /* Release */,
			);
			defaultConfigurationIsVisible = 0;
			defaultConfigurationName = Release;
		};
		2E6A593D2ACFEA0D0061CC1D /* Build configuration list for PBXNativeTarget "4GQuizAppUITests" */ = {
			isa = XCConfigurationList;
			buildConfigurations = (
				2E6A593E2ACFEA0D0061CC1D /* Debug */,
				2E6A593F2ACFEA0D0061CC1D /* Release */,
			);
			defaultConfigurationIsVisible = 0;
			defaultConfigurationName = Release;
		};
/* End XCConfigurationList section */
	};
	rootObject = 2E6A590B2ACFEA0B0061CC1D /* Project object */;
}
